
Microsoft Visual Studio Solution File, Format Version 12.00
# Visual Studio Version 17
VisualStudioVersion = 17.3.32825.248
MinimumVisualStudioVersion = 10.0.40219.1
Project("{8BC9CEB8-8B4A-11D0-8D11-00A0C91BC942}") = "manipulating strings  Ex 1", "manipulating strings  Ex 1\manipulating strings  Ex 1.vcxproj", "{98DD4B15-137E-4DE3-A44D-9C006D878E85}"
EndProject
Global
	GlobalSection(SolutionConfigurationPlatforms) = preSolution
		Debug|x64 = Debug|x64
		Debug|x86 = Debug|x86
		Release|x64 = Release|x64
		Release|x86 = Release|x86
	EndGlobalSection
	GlobalSection(ProjectConfigurationPlatforms) = postSolution
		{98DD4B15-137E-4DE3-A44D-9C006D878E85}.Debug|x64.ActiveCfg = Debug|x64
		{98DD4B15-137E-4DE3-A44D-9C006D878E85}.Debug|x64.Build.0 = Debug|x64
		{98DD4B15-137E-4DE3-A44D-9C006D878E85}.Debug|x86.ActiveCfg = Debug|Win32
		{98DD4B15-137E-4DE3-A44D-9C006D878E85}.Debug|x86.Build.0 = Debug|Win32
		{98DD4B15-137E-4DE3-A44D-9C006D878E85}.Release|x64.ActiveCfg = Release|x64
		{98DD4B15-137E-4DE3-A44D-9C006D878E85}.Release|x64.Build.0 = Release|x64
		{98DD4B15-137E-4DE3-A44D-9C006D878E85}.Release|x86.ActiveCfg = Release|Win32
		{98DD4B15-137E-4DE3-A44D-9C006D878E85}.Release|x86.Build.0 = Release|Win32
	EndGlobalSection
	GlobalSection(SolutionProperties) = preSolution
		HideSolutionNode = FALSE
	EndGlobalSection
	GlobalSection(ExtensibilityGlobals) = postSolution
		SolutionGuid = {CDB73CAD-715A-451E-8B5D-6A3B56A6F6B9}
	EndGlobalSection
EndGlobal
